// !$*UTF8*$!
{
	archiveVersion = 1;
	classes = {
	};
	objectVersion = 46;
	objects = {

/* Begin PBXBuildFile section */
		D41AD80A188F7BBB0057A22B /* Foundation.framework in Frameworks */ = {isa = PBXBuildFile; fileRef = D41AD809188F7BBB0057A22B /* Foundation.framework */; };
		D41AD80C188F7BBB0057A22B /* CoreGraphics.framework in Frameworks */ = {isa = PBXBuildFile; fileRef = D41AD80B188F7BBB0057A22B /* CoreGraphics.framework */; };
		D41AD80E188F7BBB0057A22B /* UIKit.framework in Frameworks */ = {isa = PBXBuildFile; fileRef = D41AD80D188F7BBB0057A22B /* UIKit.framework */; };
		D41AD814188F7BBB0057A22B /* InfoPlist.strings in Resources */ = {isa = PBXBuildFile; fileRef = D41AD812188F7BBB0057A22B /* InfoPlist.strings */; };
		D41AD816188F7BBB0057A22B /* main.m in Sources */ = {isa = PBXBuildFile; fileRef = D41AD815188F7BBB0057A22B /* main.m */; };
		D41AD81A188F7BBB0057A22B /* CMAppDelegate.m in Sources */ = {isa = PBXBuildFile; fileRef = D41AD819188F7BBB0057A22B /* CMAppDelegate.m */; };
		D41AD81D188F7BBB0057A22B /* Main.storyboard in Resources */ = {isa = PBXBuildFile; fileRef = D41AD81B188F7BBB0057A22B /* Main.storyboard */; };
		D41AD822188F7BBB0057A22B /* Images.xcassets in Resources */ = {isa = PBXBuildFile; fileRef = D41AD821188F7BBB0057A22B /* Images.xcassets */; };
		D41AD829188F7BBB0057A22B /* XCTest.framework in Frameworks */ = {isa = PBXBuildFile; fileRef = D41AD828188F7BBB0057A22B /* XCTest.framework */; };
		D41AD82A188F7BBC0057A22B /* Foundation.framework in Frameworks */ = {isa = PBXBuildFile; fileRef = D41AD809188F7BBB0057A22B /* Foundation.framework */; };
		D41AD82B188F7BBC0057A22B /* UIKit.framework in Frameworks */ = {isa = PBXBuildFile; fileRef = D41AD80D188F7BBB0057A22B /* UIKit.framework */; };
		D41AD833188F7BBC0057A22B /* InfoPlist.strings in Resources */ = {isa = PBXBuildFile; fileRef = D41AD831188F7BBC0057A22B /* InfoPlist.strings */; };
		D41AD835188F7BBC0057A22B /* ClassmateTests.m in Sources */ = {isa = PBXBuildFile; fileRef = D41AD834188F7BBC0057A22B /* ClassmateTests.m */; };
		D41AD844188F7F0E0057A22B /* Default-568h@2x.png in Resources */ = {isa = PBXBuildFile; fileRef = D41AD83E188F7F0E0057A22B /* Default-568h@2x.png */; };
		D41AD845188F7F0E0057A22B /* Default.png in Resources */ = {isa = PBXBuildFile; fileRef = D41AD83F188F7F0E0057A22B /* Default.png */; };
		D41AD846188F7F0E0057A22B /* Default@2x.png in Resources */ = {isa = PBXBuildFile; fileRef = D41AD840188F7F0E0057A22B /* Default@2x.png */; };
		D41AD847188F7F0E0057A22B /* green_light.png in Resources */ = {isa = PBXBuildFile; fileRef = D41AD841188F7F0E0057A22B /* green_light.png */; };
		D41AD848188F7F0E0057A22B /* green_light@2x.png in Resources */ = {isa = PBXBuildFile; fileRef = D41AD842188F7F0E0057A22B /* green_light@2x.png */; };
		D41AD849188F7F0E0057A22B /* red_light.png in Resources */ = {isa = PBXBuildFile; fileRef = D41AD843188F7F0E0057A22B /* red_light.png */; };
		D496B1A21896C3640081E625 /* CMTaskAddViewController.m in Sources */ = {isa = PBXBuildFile; fileRef = D496B1A11896C3640081E625 /* CMTaskAddViewController.m */; };
		D496B1A518985A0E0081E625 /* CMCreateAccountViewController.m in Sources */ = {isa = PBXBuildFile; fileRef = D496B1A418985A0E0081E625 /* CMCreateAccountViewController.m */; };
		D496B1AA189868040081E625 /* CMCreateAccountView.m in Sources */ = {isa = PBXBuildFile; fileRef = D496B1A9189868040081E625 /* CMCreateAccountView.m */; };
		D496B1AD189868950081E625 /* CMLoginView.m in Sources */ = {isa = PBXBuildFile; fileRef = D496B1AC189868950081E625 /* CMLoginView.m */; };
		D496B1B0189996F30081E625 /* CMMyAccountViewController.m in Sources */ = {isa = PBXBuildFile; fileRef = D496B1AF189996F30081E625 /* CMMyAccountViewController.m */; };
		D4976CA1189366E500871B2F /* CMCustomTaskCell.m in Sources */ = {isa = PBXBuildFile; fileRef = D4976CA0189366E500871B2F /* CMCustomTaskCell.m */; };
		D498CEB1188F9C360070BBB9 /* CMLoginViewController.m in Sources */ = {isa = PBXBuildFile; fileRef = D498CEB0188F9C360070BBB9 /* CMLoginViewController.m */; };
		D498CEB4188FA2540070BBB9 /* CMTableViewController.m in Sources */ = {isa = PBXBuildFile; fileRef = D498CEB3188FA2540070BBB9 /* CMTableViewController.m */; };
		D498CEB7188FA2850070BBB9 /* CMCoursesTableViewController.m in Sources */ = {isa = PBXBuildFile; fileRef = D498CEB6188FA2850070BBB9 /* CMCoursesTableViewController.m */; };
		D498CEC11891BBD40070BBB9 /* CMViewController.m in Sources */ = {isa = PBXBuildFile; fileRef = D498CEC01891BBD40070BBB9 /* CMViewController.m */; };
		D498CEC61891D3C20070BBB9 /* CMCourseTasksTableViewController.m in Sources */ = {isa = PBXBuildFile; fileRef = D498CEC51891D3C20070BBB9 /* CMCourseTasksTableViewController.m */; };
		D498CECC189201600070BBB9 /* CMAllTasksTableViewController.m in Sources */ = {isa = PBXBuildFile; fileRef = D498CECB189201600070BBB9 /* CMAllTasksTableViewController.m */; };
		D498CECF189253580070BBB9 /* CMAddCourseTableViewController.m in Sources */ = {isa = PBXBuildFile; fileRef = D498CECE189253580070BBB9 /* CMAddCourseTableViewController.m */; };
		D498CED21892D7940070BBB9 /* CMTaskDetailViewController.m in Sources */ = {isa = PBXBuildFile; fileRef = D498CED11892D7940070BBB9 /* CMTaskDetailViewController.m */; };
		D49FA95D1895D7A600B75BA0 /* CMTaskEditViewController.m in Sources */ = {isa = PBXBuildFile; fileRef = D49FA95C1895D7A600B75BA0 /* CMTaskEditViewController.m */; };
		E3CC6417B6BE42F294138B6A /* libPods.a in Frameworks */ = {isa = PBXBuildFile; fileRef = 38C3A3C9FDDF4B2EBD541A89 /* libPods.a */; };
/* End PBXBuildFile section */

/* Begin PBXContainerItemProxy section */
		D41AD82C188F7BBC0057A22B /* PBXContainerItemProxy */ = {
			isa = PBXContainerItemProxy;
			containerPortal = D41AD7FE188F7BBB0057A22B /* Project object */;
			proxyType = 1;
			remoteGlobalIDString = D41AD805188F7BBB0057A22B;
			remoteInfo = Classmate;
		};
/* End PBXContainerItemProxy section */

/* Begin PBXFileReference section */
		38C3A3C9FDDF4B2EBD541A89 /* libPods.a */ = {isa = PBXFileReference; explicitFileType = archive.ar; includeInIndex = 0; path = libPods.a; sourceTree = BUILT_PRODUCTS_DIR; };
		D41AD806188F7BBB0057A22B /* Classmate.app */ = {isa = PBXFileReference; explicitFileType = wrapper.application; includeInIndex = 0; path = Classmate.app; sourceTree = BUILT_PRODUCTS_DIR; };
		D41AD809188F7BBB0057A22B /* Foundation.framework */ = {isa = PBXFileReference; lastKnownFileType = wrapper.framework; name = Foundation.framework; path = System/Library/Frameworks/Foundation.framework; sourceTree = SDKROOT; };
		D41AD80B188F7BBB0057A22B /* CoreGraphics.framework */ = {isa = PBXFileReference; lastKnownFileType = wrapper.framework; name = CoreGraphics.framework; path = System/Library/Frameworks/CoreGraphics.framework; sourceTree = SDKROOT; };
		D41AD80D188F7BBB0057A22B /* UIKit.framework */ = {isa = PBXFileReference; lastKnownFileType = wrapper.framework; name = UIKit.framework; path = System/Library/Frameworks/UIKit.framework; sourceTree = SDKROOT; };
		D41AD811188F7BBB0057A22B /* Classmate-Info.plist */ = {isa = PBXFileReference; lastKnownFileType = text.plist.xml; path = "Classmate-Info.plist"; sourceTree = "<group>"; };
		D41AD813188F7BBB0057A22B /* en */ = {isa = PBXFileReference; lastKnownFileType = text.plist.strings; name = en; path = en.lproj/InfoPlist.strings; sourceTree = "<group>"; };
		D41AD815188F7BBB0057A22B /* main.m */ = {isa = PBXFileReference; lastKnownFileType = sourcecode.c.objc; path = main.m; sourceTree = "<group>"; };
		D41AD817188F7BBB0057A22B /* Classmate-Prefix.pch */ = {isa = PBXFileReference; lastKnownFileType = sourcecode.c.h; path = "Classmate-Prefix.pch"; sourceTree = "<group>"; };
		D41AD818188F7BBB0057A22B /* CMAppDelegate.h */ = {isa = PBXFileReference; lastKnownFileType = sourcecode.c.h; path = CMAppDelegate.h; sourceTree = "<group>"; };
		D41AD819188F7BBB0057A22B /* CMAppDelegate.m */ = {isa = PBXFileReference; lastKnownFileType = sourcecode.c.objc; path = CMAppDelegate.m; sourceTree = "<group>"; };
		D41AD81C188F7BBB0057A22B /* Base */ = {isa = PBXFileReference; lastKnownFileType = file.storyboard; name = Base; path = Base.lproj/Main.storyboard; sourceTree = "<group>"; };
		D41AD821188F7BBB0057A22B /* Images.xcassets */ = {isa = PBXFileReference; lastKnownFileType = folder.assetcatalog; path = Images.xcassets; sourceTree = "<group>"; };
		D41AD827188F7BBB0057A22B /* ClassmateTests.xctest */ = {isa = PBXFileReference; explicitFileType = wrapper.cfbundle; includeInIndex = 0; path = ClassmateTests.xctest; sourceTree = BUILT_PRODUCTS_DIR; };
		D41AD828188F7BBB0057A22B /* XCTest.framework */ = {isa = PBXFileReference; lastKnownFileType = wrapper.framework; name = XCTest.framework; path = Library/Frameworks/XCTest.framework; sourceTree = DEVELOPER_DIR; };
		D41AD830188F7BBC0057A22B /* ClassmateTests-Info.plist */ = {isa = PBXFileReference; lastKnownFileType = text.plist.xml; path = "ClassmateTests-Info.plist"; sourceTree = "<group>"; };
		D41AD832188F7BBC0057A22B /* en */ = {isa = PBXFileReference; lastKnownFileType = text.plist.strings; name = en; path = en.lproj/InfoPlist.strings; sourceTree = "<group>"; };
		D41AD834188F7BBC0057A22B /* ClassmateTests.m */ = {isa = PBXFileReference; lastKnownFileType = sourcecode.c.objc; path = ClassmateTests.m; sourceTree = "<group>"; };
		D41AD83E188F7F0E0057A22B /* Default-568h@2x.png */ = {isa = PBXFileReference; lastKnownFileType = image.png; path = "Default-568h@2x.png"; sourceTree = "<group>"; };
		D41AD83F188F7F0E0057A22B /* Default.png */ = {isa = PBXFileReference; lastKnownFileType = image.png; path = Default.png; sourceTree = "<group>"; };
		D41AD840188F7F0E0057A22B /* Default@2x.png */ = {isa = PBXFileReference; lastKnownFileType = image.png; path = "Default@2x.png"; sourceTree = "<group>"; };
		D41AD841188F7F0E0057A22B /* green_light.png */ = {isa = PBXFileReference; lastKnownFileType = image.png; path = green_light.png; sourceTree = "<group>"; };
		D41AD842188F7F0E0057A22B /* green_light@2x.png */ = {isa = PBXFileReference; lastKnownFileType = image.png; path = "green_light@2x.png"; sourceTree = "<group>"; };
		D41AD843188F7F0E0057A22B /* red_light.png */ = {isa = PBXFileReference; lastKnownFileType = image.png; path = red_light.png; sourceTree = "<group>"; };
		D496B1A01896C3640081E625 /* CMTaskAddViewController.h */ = {isa = PBXFileReference; fileEncoding = 4; lastKnownFileType = sourcecode.c.h; path = CMTaskAddViewController.h; sourceTree = "<group>"; };
		D496B1A11896C3640081E625 /* CMTaskAddViewController.m */ = {isa = PBXFileReference; fileEncoding = 4; lastKnownFileType = sourcecode.c.objc; path = CMTaskAddViewController.m; sourceTree = "<group>"; };
		D496B1A318985A0E0081E625 /* CMCreateAccountViewController.h */ = {isa = PBXFileReference; fileEncoding = 4; lastKnownFileType = sourcecode.c.h; path = CMCreateAccountViewController.h; sourceTree = "<group>"; };
		D496B1A418985A0E0081E625 /* CMCreateAccountViewController.m */ = {isa = PBXFileReference; fileEncoding = 4; lastKnownFileType = sourcecode.c.objc; path = CMCreateAccountViewController.m; sourceTree = "<group>"; };
		D496B1A8189868040081E625 /* CMCreateAccountView.h */ = {isa = PBXFileReference; fileEncoding = 4; lastKnownFileType = sourcecode.c.h; path = CMCreateAccountView.h; sourceTree = "<group>"; };
		D496B1A9189868040081E625 /* CMCreateAccountView.m */ = {isa = PBXFileReference; fileEncoding = 4; lastKnownFileType = sourcecode.c.objc; path = CMCreateAccountView.m; sourceTree = "<group>"; };
		D496B1AB189868950081E625 /* CMLoginView.h */ = {isa = PBXFileReference; fileEncoding = 4; lastKnownFileType = sourcecode.c.h; path = CMLoginView.h; sourceTree = "<group>"; };
		D496B1AC189868950081E625 /* CMLoginView.m */ = {isa = PBXFileReference; fileEncoding = 4; lastKnownFileType = sourcecode.c.objc; path = CMLoginView.m; sourceTree = "<group>"; };
		D496B1AE189996F30081E625 /* CMMyAccountViewController.h */ = {isa = PBXFileReference; fileEncoding = 4; lastKnownFileType = sourcecode.c.h; path = CMMyAccountViewController.h; sourceTree = "<group>"; };
		D496B1AF189996F30081E625 /* CMMyAccountViewController.m */ = {isa = PBXFileReference; fileEncoding = 4; lastKnownFileType = sourcecode.c.objc; path = CMMyAccountViewController.m; sourceTree = "<group>"; };
		D4976C9F189366E500871B2F /* CMCustomTaskCell.h */ = {isa = PBXFileReference; fileEncoding = 4; lastKnownFileType = sourcecode.c.h; path = CMCustomTaskCell.h; sourceTree = "<group>"; };
		D4976CA0189366E500871B2F /* CMCustomTaskCell.m */ = {isa = PBXFileReference; fileEncoding = 4; lastKnownFileType = sourcecode.c.objc; path = CMCustomTaskCell.m; sourceTree = "<group>"; };
		D498CEAF188F9C360070BBB9 /* CMLoginViewController.h */ = {isa = PBXFileReference; fileEncoding = 4; lastKnownFileType = sourcecode.c.h; path = CMLoginViewController.h; sourceTree = "<group>"; };
		D498CEB0188F9C360070BBB9 /* CMLoginViewController.m */ = {isa = PBXFileReference; fileEncoding = 4; lastKnownFileType = sourcecode.c.objc; path = CMLoginViewController.m; sourceTree = "<group>"; };
		D498CEB2188FA2540070BBB9 /* CMTableViewController.h */ = {isa = PBXFileReference; fileEncoding = 4; lastKnownFileType = sourcecode.c.h; path = CMTableViewController.h; sourceTree = "<group>"; };
		D498CEB3188FA2540070BBB9 /* CMTableViewController.m */ = {isa = PBXFileReference; fileEncoding = 4; lastKnownFileType = sourcecode.c.objc; path = CMTableViewController.m; sourceTree = "<group>"; };
		D498CEB5188FA2850070BBB9 /* CMCoursesTableViewController.h */ = {isa = PBXFileReference; fileEncoding = 4; lastKnownFileType = sourcecode.c.h; path = CMCoursesTableViewController.h; sourceTree = "<group>"; };
		D498CEB6188FA2850070BBB9 /* CMCoursesTableViewController.m */ = {isa = PBXFileReference; fileEncoding = 4; lastKnownFileType = sourcecode.c.objc; path = CMCoursesTableViewController.m; sourceTree = "<group>"; };
		D498CEBF1891BBD40070BBB9 /* CMViewController.h */ = {isa = PBXFileReference; fileEncoding = 4; lastKnownFileType = sourcecode.c.h; path = CMViewController.h; sourceTree = "<group>"; };
		D498CEC01891BBD40070BBB9 /* CMViewController.m */ = {isa = PBXFileReference; fileEncoding = 4; lastKnownFileType = sourcecode.c.objc; path = CMViewController.m; sourceTree = "<group>"; };
		D498CEC41891D3C20070BBB9 /* CMCourseTasksTableViewController.h */ = {isa = PBXFileReference; fileEncoding = 4; lastKnownFileType = sourcecode.c.h; path = CMCourseTasksTableViewController.h; sourceTree = "<group>"; };
		D498CEC51891D3C20070BBB9 /* CMCourseTasksTableViewController.m */ = {isa = PBXFileReference; fileEncoding = 4; lastKnownFileType = sourcecode.c.objc; path = CMCourseTasksTableViewController.m; sourceTree = "<group>"; };
		D498CECA189201600070BBB9 /* CMAllTasksTableViewController.h */ = {isa = PBXFileReference; fileEncoding = 4; lastKnownFileType = sourcecode.c.h; path = CMAllTasksTableViewController.h; sourceTree = "<group>"; };
		D498CECB189201600070BBB9 /* CMAllTasksTableViewController.m */ = {isa = PBXFileReference; fileEncoding = 4; lastKnownFileType = sourcecode.c.objc; path = CMAllTasksTableViewController.m; sourceTree = "<group>"; };
		D498CECD189253580070BBB9 /* CMAddCourseTableViewController.h */ = {isa = PBXFileReference; fileEncoding = 4; lastKnownFileType = sourcecode.c.h; path = CMAddCourseTableViewController.h; sourceTree = "<group>"; };
		D498CECE189253580070BBB9 /* CMAddCourseTableViewController.m */ = {isa = PBXFileReference; fileEncoding = 4; lastKnownFileType = sourcecode.c.objc; path = CMAddCourseTableViewController.m; sourceTree = "<group>"; };
		D498CED01892D7940070BBB9 /* CMTaskDetailViewController.h */ = {isa = PBXFileReference; fileEncoding = 4; lastKnownFileType = sourcecode.c.h; path = CMTaskDetailViewController.h; sourceTree = "<group>"; };
		D498CED11892D7940070BBB9 /* CMTaskDetailViewController.m */ = {isa = PBXFileReference; fileEncoding = 4; lastKnownFileType = sourcecode.c.objc; path = CMTaskDetailViewController.m; sourceTree = "<group>"; };
		D49FA95B1895D7A600B75BA0 /* CMTaskEditViewController.h */ = {isa = PBXFileReference; fileEncoding = 4; lastKnownFileType = sourcecode.c.h; path = CMTaskEditViewController.h; sourceTree = "<group>"; };
		D49FA95C1895D7A600B75BA0 /* CMTaskEditViewController.m */ = {isa = PBXFileReference; fileEncoding = 4; lastKnownFileType = sourcecode.c.objc; path = CMTaskEditViewController.m; sourceTree = "<group>"; };
		DE7DF81E19EB45E9A2F9EDB2 /* Pods.xcconfig */ = {isa = PBXFileReference; includeInIndex = 1; lastKnownFileType = text.xcconfig; name = Pods.xcconfig; path = Pods/Pods.xcconfig; sourceTree = "<group>"; };
/* End PBXFileReference section */

/* Begin PBXFrameworksBuildPhase section */
		D41AD803188F7BBB0057A22B /* Frameworks */ = {
			isa = PBXFrameworksBuildPhase;
			buildActionMask = 2147483647;
			files = (
				D41AD80C188F7BBB0057A22B /* CoreGraphics.framework in Frameworks */,
				D41AD80E188F7BBB0057A22B /* UIKit.framework in Frameworks */,
				D41AD80A188F7BBB0057A22B /* Foundation.framework in Frameworks */,
				E3CC6417B6BE42F294138B6A /* libPods.a in Frameworks */,
			);
			runOnlyForDeploymentPostprocessing = 0;
		};
		D41AD824188F7BBB0057A22B /* Frameworks */ = {
			isa = PBXFrameworksBuildPhase;
			buildActionMask = 2147483647;
			files = (
				D41AD829188F7BBB0057A22B /* XCTest.framework in Frameworks */,
				D41AD82B188F7BBC0057A22B /* UIKit.framework in Frameworks */,
				D41AD82A188F7BBC0057A22B /* Foundation.framework in Frameworks */,
			);
			runOnlyForDeploymentPostprocessing = 0;
		};
/* End PBXFrameworksBuildPhase section */

/* Begin PBXGroup section */
		D41AD7FD188F7BBB0057A22B = {
			isa = PBXGroup;
			children = (
				D41AD80F188F7BBB0057A22B /* Classmate */,
				D41AD82E188F7BBC0057A22B /* ClassmateTests */,
				D41AD808188F7BBB0057A22B /* Frameworks */,
				D41AD807188F7BBB0057A22B /* Products */,
				DE7DF81E19EB45E9A2F9EDB2 /* Pods.xcconfig */,
			);
			sourceTree = "<group>";
		};
		D41AD807188F7BBB0057A22B /* Products */ = {
			isa = PBXGroup;
			children = (
				D41AD806188F7BBB0057A22B /* Classmate.app */,
				D41AD827188F7BBB0057A22B /* ClassmateTests.xctest */,
			);
			name = Products;
			sourceTree = "<group>";
		};
		D41AD808188F7BBB0057A22B /* Frameworks */ = {
			isa = PBXGroup;
			children = (
				D41AD809188F7BBB0057A22B /* Foundation.framework */,
				D41AD80B188F7BBB0057A22B /* CoreGraphics.framework */,
				D41AD80D188F7BBB0057A22B /* UIKit.framework */,
				D41AD828188F7BBB0057A22B /* XCTest.framework */,
				38C3A3C9FDDF4B2EBD541A89 /* libPods.a */,
			);
			name = Frameworks;
			sourceTree = "<group>";
		};
		D41AD80F188F7BBB0057A22B /* Classmate */ = {
			isa = PBXGroup;
			children = (
				D41AD81B188F7BBB0057A22B /* Main.storyboard */,
				D41AD818188F7BBB0057A22B /* CMAppDelegate.h */,
				D41AD819188F7BBB0057A22B /* CMAppDelegate.m */,
				D498CEB8189030770070BBB9 /* ViewControllers */,
				D41AD821188F7BBB0057A22B /* Images.xcassets */,
				D41AD810188F7BBB0057A22B /* Supporting Files */,
			);
			path = Classmate;
			sourceTree = "<group>";
		};
		D41AD810188F7BBB0057A22B /* Supporting Files */ = {
			isa = PBXGroup;
			children = (
				D41AD83E188F7F0E0057A22B /* Default-568h@2x.png */,
				D41AD83F188F7F0E0057A22B /* Default.png */,
				D41AD840188F7F0E0057A22B /* Default@2x.png */,
				D41AD841188F7F0E0057A22B /* green_light.png */,
				D41AD842188F7F0E0057A22B /* green_light@2x.png */,
				D41AD843188F7F0E0057A22B /* red_light.png */,
				D41AD811188F7BBB0057A22B /* Classmate-Info.plist */,
				D41AD812188F7BBB0057A22B /* InfoPlist.strings */,
				D41AD815188F7BBB0057A22B /* main.m */,
				D41AD817188F7BBB0057A22B /* Classmate-Prefix.pch */,
			);
			name = "Supporting Files";
			sourceTree = "<group>";
		};
		D41AD82E188F7BBC0057A22B /* ClassmateTests */ = {
			isa = PBXGroup;
			children = (
				D41AD834188F7BBC0057A22B /* ClassmateTests.m */,
				D41AD82F188F7BBC0057A22B /* Supporting Files */,
			);
			path = ClassmateTests;
			sourceTree = "<group>";
		};
		D41AD82F188F7BBC0057A22B /* Supporting Files */ = {
			isa = PBXGroup;
			children = (
				D41AD830188F7BBC0057A22B /* ClassmateTests-Info.plist */,
				D41AD831188F7BBC0057A22B /* InfoPlist.strings */,
			);
			name = "Supporting Files";
			sourceTree = "<group>";
		};
		D498CEB8189030770070BBB9 /* ViewControllers */ = {
			isa = PBXGroup;
			children = (
				D498CEC31891BE1F0070BBB9 /* Actual */,
				D498CEC21891BE050070BBB9 /* Abstract */,
			);
			name = ViewControllers;
			sourceTree = "<group>";
		};
		D498CEC21891BE050070BBB9 /* Abstract */ = {
			isa = PBXGroup;
			children = (
				D498CEBF1891BBD40070BBB9 /* CMViewController.h */,
				D498CEC01891BBD40070BBB9 /* CMViewController.m */,
				D498CEB2188FA2540070BBB9 /* CMTableViewController.h */,
				D498CEB3188FA2540070BBB9 /* CMTableViewController.m */,
			);
			name = Abstract;
			sourceTree = "<group>";
		};
		D498CEC31891BE1F0070BBB9 /* Actual */ = {
			isa = PBXGroup;
			children = (
				D496B1AE189996F30081E625 /* CMMyAccountViewController.h */,
				D496B1AF189996F30081E625 /* CMMyAccountViewController.m */,
				D496B1AB189868950081E625 /* CMLoginView.h */,
				D496B1AC189868950081E625 /* CMLoginView.m */,
				D496B1A8189868040081E625 /* CMCreateAccountView.h */,
				D496B1A9189868040081E625 /* CMCreateAccountView.m */,
				D498CECD189253580070BBB9 /* CMAddCourseTableViewController.h */,
				D498CECE189253580070BBB9 /* CMAddCourseTableViewController.m */,
				D498CECA189201600070BBB9 /* CMAllTasksTableViewController.h */,
				D498CECB189201600070BBB9 /* CMAllTasksTableViewController.m */,
				D498CEC41891D3C20070BBB9 /* CMCourseTasksTableViewController.h */,
				D498CEC51891D3C20070BBB9 /* CMCourseTasksTableViewController.m */,
				D498CEB5188FA2850070BBB9 /* CMCoursesTableViewController.h */,
				D498CEB6188FA2850070BBB9 /* CMCoursesTableViewController.m */,
				D496B1A318985A0E0081E625 /* CMCreateAccountViewController.h */,
				D496B1A418985A0E0081E625 /* CMCreateAccountViewController.m */,
				D498CEAF188F9C360070BBB9 /* CMLoginViewController.h */,
				D498CEB0188F9C360070BBB9 /* CMLoginViewController.m */,
				D49FA9181895B47400B75BA0 /* Tasks */,
			);
			name = Actual;
			sourceTree = "<group>";
		};
		D49FA9181895B47400B75BA0 /* Tasks */ = {
			isa = PBXGroup;
			children = (
				D498CED01892D7940070BBB9 /* CMTaskDetailViewController.h */,
				D498CED11892D7940070BBB9 /* CMTaskDetailViewController.m */,
				D49FA95B1895D7A600B75BA0 /* CMTaskEditViewController.h */,
				D49FA95C1895D7A600B75BA0 /* CMTaskEditViewController.m */,
				D496B1A01896C3640081E625 /* CMTaskAddViewController.h */,
				D496B1A11896C3640081E625 /* CMTaskAddViewController.m */,
				D4976C9F189366E500871B2F /* CMCustomTaskCell.h */,
				D4976CA0189366E500871B2F /* CMCustomTaskCell.m */,
			);
			name = Tasks;
			sourceTree = "<group>";
		};
/* End PBXGroup section */

/* Begin PBXNativeTarget section */
		D41AD805188F7BBB0057A22B /* Classmate */ = {
			isa = PBXNativeTarget;
			buildConfigurationList = D41AD838188F7BBC0057A22B /* Build configuration list for PBXNativeTarget "Classmate" */;
			buildPhases = (
				137FE8B2B87B4440AC3EA72E /* Check Pods Manifest.lock */,
				D41AD802188F7BBB0057A22B /* Sources */,
				D41AD803188F7BBB0057A22B /* Frameworks */,
				D41AD804188F7BBB0057A22B /* Resources */,
				B2D5F11E91BD4253BA44C0E8 /* Copy Pods Resources */,
			);
			buildRules = (
			);
			dependencies = (
			);
			name = Classmate;
			productName = Classmate;
			productReference = D41AD806188F7BBB0057A22B /* Classmate.app */;
			productType = "com.apple.product-type.application";
		};
		D41AD826188F7BBB0057A22B /* ClassmateTests */ = {
			isa = PBXNativeTarget;
			buildConfigurationList = D41AD83B188F7BBC0057A22B /* Build configuration list for PBXNativeTarget "ClassmateTests" */;
			buildPhases = (
				D41AD823188F7BBB0057A22B /* Sources */,
				D41AD824188F7BBB0057A22B /* Frameworks */,
				D41AD825188F7BBB0057A22B /* Resources */,
			);
			buildRules = (
			);
			dependencies = (
				D41AD82D188F7BBC0057A22B /* PBXTargetDependency */,
			);
			name = ClassmateTests;
			productName = ClassmateTests;
			productReference = D41AD827188F7BBB0057A22B /* ClassmateTests.xctest */;
			productType = "com.apple.product-type.bundle.unit-test";
		};
/* End PBXNativeTarget section */

/* Begin PBXProject section */
		D41AD7FE188F7BBB0057A22B /* Project object */ = {
			isa = PBXProject;
			attributes = {
				CLASSPREFIX = CM;
				LastUpgradeCheck = 0500;
				ORGANIZATIONNAME = Classmate;
				TargetAttributes = {
					D41AD826188F7BBB0057A22B = {
						TestTargetID = D41AD805188F7BBB0057A22B;
					};
				};
			};
			buildConfigurationList = D41AD801188F7BBB0057A22B /* Build configuration list for PBXProject "Classmate" */;
			compatibilityVersion = "Xcode 3.2";
			developmentRegion = English;
			hasScannedForEncodings = 0;
			knownRegions = (
				en,
				Base,
			);
			mainGroup = D41AD7FD188F7BBB0057A22B;
			productRefGroup = D41AD807188F7BBB0057A22B /* Products */;
			projectDirPath = "";
			projectRoot = "";
			targets = (
				D41AD805188F7BBB0057A22B /* Classmate */,
				D41AD826188F7BBB0057A22B /* ClassmateTests */,
			);
		};
/* End PBXProject section */

/* Begin PBXResourcesBuildPhase section */
		D41AD804188F7BBB0057A22B /* Resources */ = {
			isa = PBXResourcesBuildPhase;
			buildActionMask = 2147483647;
			files = (
				D41AD846188F7F0E0057A22B /* Default@2x.png in Resources */,
				D41AD822188F7BBB0057A22B /* Images.xcassets in Resources */,
				D41AD844188F7F0E0057A22B /* Default-568h@2x.png in Resources */,
				D41AD849188F7F0E0057A22B /* red_light.png in Resources */,
				D41AD847188F7F0E0057A22B /* green_light.png in Resources */,
				D41AD814188F7BBB0057A22B /* InfoPlist.strings in Resources */,
				D41AD81D188F7BBB0057A22B /* Main.storyboard in Resources */,
				D41AD845188F7F0E0057A22B /* Default.png in Resources */,
				D41AD848188F7F0E0057A22B /* green_light@2x.png in Resources */,
			);
			runOnlyForDeploymentPostprocessing = 0;
		};
		D41AD825188F7BBB0057A22B /* Resources */ = {
			isa = PBXResourcesBuildPhase;
			buildActionMask = 2147483647;
			files = (
				D41AD833188F7BBC0057A22B /* InfoPlist.strings in Resources */,
			);
			runOnlyForDeploymentPostprocessing = 0;
		};
/* End PBXResourcesBuildPhase section */

/* Begin PBXShellScriptBuildPhase section */
		137FE8B2B87B4440AC3EA72E /* Check Pods Manifest.lock */ = {
			isa = PBXShellScriptBuildPhase;
			buildActionMask = 2147483647;
			files = (
			);
			inputPaths = (
			);
			name = "Check Pods Manifest.lock";
			outputPaths = (
			);
			runOnlyForDeploymentPostprocessing = 0;
			shellPath = /bin/sh;
			shellScript = "diff \"${PODS_ROOT}/../Podfile.lock\" \"${PODS_ROOT}/Manifest.lock\" > /dev/null\nif [[ $? != 0 ]] ; then\n    cat << EOM\nerror: The sandbox is not in sync with the Podfile.lock. Run 'pod install' or update your CocoaPods installation.\nEOM\n    exit 1\nfi\n";
			showEnvVarsInLog = 0;
		};
		B2D5F11E91BD4253BA44C0E8 /* Copy Pods Resources */ = {
			isa = PBXShellScriptBuildPhase;
			buildActionMask = 2147483647;
			files = (
			);
			inputPaths = (
			);
			name = "Copy Pods Resources";
			outputPaths = (
			);
			runOnlyForDeploymentPostprocessing = 0;
			shellPath = /bin/sh;
			shellScript = "\"${SRCROOT}/Pods/Pods-resources.sh\"\n";
			showEnvVarsInLog = 0;
		};
/* End PBXShellScriptBuildPhase section */

/* Begin PBXSourcesBuildPhase section */
		D41AD802188F7BBB0057A22B /* Sources */ = {
			isa = PBXSourcesBuildPhase;
			buildActionMask = 2147483647;
			files = (
				D496B1A518985A0E0081E625 /* CMCreateAccountViewController.m in Sources */,
				D498CECC189201600070BBB9 /* CMAllTasksTableViewController.m in Sources */,
				D49FA95D1895D7A600B75BA0 /* CMTaskEditViewController.m in Sources */,
				D496B1AA189868040081E625 /* CMCreateAccountView.m in Sources */,
				D4976CA1189366E500871B2F /* CMCustomTaskCell.m in Sources */,
				D41AD81A188F7BBB0057A22B /* CMAppDelegate.m in Sources */,
				D498CEB4188FA2540070BBB9 /* CMTableViewController.m in Sources */,
				D496B1B0189996F30081E625 /* CMMyAccountViewController.m in Sources */,
				D496B1A21896C3640081E625 /* CMTaskAddViewController.m in Sources */,
				D41AD816188F7BBB0057A22B /* main.m in Sources */,
				D498CEB7188FA2850070BBB9 /* CMCoursesTableViewController.m in Sources */,
				D498CECF189253580070BBB9 /* CMAddCourseTableViewController.m in Sources */,
				D498CED21892D7940070BBB9 /* CMTaskDetailViewController.m in Sources */,
				D496B1AD189868950081E625 /* CMLoginView.m in Sources */,
				D498CEB1188F9C360070BBB9 /* CMLoginViewController.m in Sources */,
				D498CEC11891BBD40070BBB9 /* CMViewController.m in Sources */,
				D498CEC61891D3C20070BBB9 /* CMCourseTasksTableViewController.m in Sources */,
			);
			runOnlyForDeploymentPostprocessing = 0;
		};
		D41AD823188F7BBB0057A22B /* Sources */ = {
			isa = PBXSourcesBuildPhase;
			buildActionMask = 2147483647;
			files = (
				D41AD835188F7BBC0057A22B /* ClassmateTests.m in Sources */,
			);
			runOnlyForDeploymentPostprocessing = 0;
		};
/* End PBXSourcesBuildPhase section */

/* Begin PBXTargetDependency section */
		D41AD82D188F7BBC0057A22B /* PBXTargetDependency */ = {
			isa = PBXTargetDependency;
			target = D41AD805188F7BBB0057A22B /* Classmate */;
			targetProxy = D41AD82C188F7BBC0057A22B /* PBXContainerItemProxy */;
		};
/* End PBXTargetDependency section */

/* Begin PBXVariantGroup section */
		D41AD812188F7BBB0057A22B /* InfoPlist.strings */ = {
			isa = PBXVariantGroup;
			children = (
				D41AD813188F7BBB0057A22B /* en */,
			);
			name = InfoPlist.strings;
			sourceTree = "<group>";
		};
		D41AD81B188F7BBB0057A22B /* Main.storyboard */ = {
			isa = PBXVariantGroup;
			children = (
				D41AD81C188F7BBB0057A22B /* Base */,
			);
			name = Main.storyboard;
			sourceTree = "<group>";
		};
		D41AD831188F7BBC0057A22B /* InfoPlist.strings */ = {
			isa = PBXVariantGroup;
			children = (
				D41AD832188F7BBC0057A22B /* en */,
			);
			name = InfoPlist.strings;
			sourceTree = "<group>";
		};
/* End PBXVariantGroup section */

/* Begin XCBuildConfiguration section */
		D41AD836188F7BBC0057A22B /* Debug */ = {
			isa = XCBuildConfiguration;
			buildSettings = {
				ALWAYS_SEARCH_USER_PATHS = NO;
				ARCHS = "$(ARCHS_STANDARD_INCLUDING_64_BIT)";
				CLANG_CXX_LANGUAGE_STANDARD = "gnu++0x";
				CLANG_CXX_LIBRARY = "libc++";
				CLANG_ENABLE_MODULES = YES;
				CLANG_ENABLE_OBJC_ARC = YES;
				CLANG_WARN_BOOL_CONVERSION = YES;
				CLANG_WARN_CONSTANT_CONVERSION = YES;
				CLANG_WARN_DIRECT_OBJC_ISA_USAGE = YES_ERROR;
				CLANG_WARN_EMPTY_BODY = YES;
				CLANG_WARN_ENUM_CONVERSION = YES;
				CLANG_WARN_INT_CONVERSION = YES;
				CLANG_WARN_OBJC_ROOT_CLASS = YES_ERROR;
				CLANG_WARN__DUPLICATE_METHOD_MATCH = YES;
				"CODE_SIGN_IDENTITY[sdk=iphoneos*]" = "iPhone Developer";
				COPY_PHASE_STRIP = NO;
				GCC_C_LANGUAGE_STANDARD = gnu99;
				GCC_DYNAMIC_NO_PIC = NO;
				GCC_OPTIMIZATION_LEVEL = 0;
				GCC_PREPROCESSOR_DEFINITIONS = (
					"DEBUG=1",
					"$(inherited)",
				);
				GCC_SYMBOLS_PRIVATE_EXTERN = NO;
				GCC_WARN_64_TO_32_BIT_CONVERSION = YES;
				GCC_WARN_ABOUT_RETURN_TYPE = YES_ERROR;
				GCC_WARN_UNDECLARED_SELECTOR = YES;
				GCC_WARN_UNINITIALIZED_AUTOS = YES;
				GCC_WARN_UNUSED_FUNCTION = YES;
				GCC_WARN_UNUSED_VARIABLE = YES;
				IPHONEOS_DEPLOYMENT_TARGET = 7.0;
				ONLY_ACTIVE_ARCH = YES;
				SDKROOT = iphoneos;
			};
			name = Debug;
		};
		D41AD837188F7BBC0057A22B /* Release */ = {
			isa = XCBuildConfiguration;
			buildSettings = {
				ALWAYS_SEARCH_USER_PATHS = NO;
				ARCHS = "$(ARCHS_STANDARD_INCLUDING_64_BIT)";
				CLANG_CXX_LANGUAGE_STANDARD = "gnu++0x";
				CLANG_CXX_LIBRARY = "libc++";
				CLANG_ENABLE_MODULES = YES;
				CLANG_ENABLE_OBJC_ARC = YES;
				CLANG_WARN_BOOL_CONVERSION = YES;
				CLANG_WARN_CONSTANT_CONVERSION = YES;
				CLANG_WARN_DIRECT_OBJC_ISA_USAGE = YES_ERROR;
				CLANG_WARN_EMPTY_BODY = YES;
				CLANG_WARN_ENUM_CONVERSION = YES;
				CLANG_WARN_INT_CONVERSION = YES;
				CLANG_WARN_OBJC_ROOT_CLASS = YES_ERROR;
				CLANG_WARN__DUPLICATE_METHOD_MATCH = YES;
				"CODE_SIGN_IDENTITY[sdk=iphoneos*]" = "iPhone Developer";
				COPY_PHASE_STRIP = YES;
				ENABLE_NS_ASSERTIONS = NO;
				GCC_C_LANGUAGE_STANDARD = gnu99;
				GCC_WARN_64_TO_32_BIT_CONVERSION = YES;
				GCC_WARN_ABOUT_RETURN_TYPE = YES_ERROR;
				GCC_WARN_UNDECLARED_SELECTOR = YES;
				GCC_WARN_UNINITIALIZED_AUTOS = YES;
				GCC_WARN_UNUSED_FUNCTION = YES;
				GCC_WARN_UNUSED_VARIABLE = YES;
				IPHONEOS_DEPLOYMENT_TARGET = 7.0;
				SDKROOT = iphoneos;
				VALIDATE_PRODUCT = YES;
			};
			name = Release;
		};
		D41AD839188F7BBC0057A22B /* Debug */ = {
			isa = XCBuildConfiguration;
			baseConfigurationReference = DE7DF81E19EB45E9A2F9EDB2 /* Pods.xcconfig */;
			buildSettings = {
				ASSETCATALOG_COMPILER_APPICON_NAME = AppIcon;
				ASSETCATALOG_COMPILER_LAUNCHIMAGE_NAME = LaunchImage;
				GCC_PRECOMPILE_PREFIX_HEADER = YES;
				GCC_PREFIX_HEADER = "Classmate/Classmate-Prefix.pch";
				INFOPLIST_FILE = "Classmate/Classmate-Info.plist";
				PRODUCT_NAME = "$(TARGET_NAME)";
				WRAPPER_EXTENSION = app;
			};
			name = Debug;
		};
		D41AD83A188F7BBC0057A22B /* Release */ = {
			isa = XCBuildConfiguration;
			baseConfigurationReference = DE7DF81E19EB45E9A2F9EDB2 /* Pods.xcconfig */;
			buildSettings = {
				ASSETCATALOG_COMPILER_APPICON_NAME = AppIcon;
				ASSETCATALOG_COMPILER_LAUNCHIMAGE_NAME = LaunchImage;
				GCC_PRECOMPILE_PREFIX_HEADER = YES;
				GCC_PREFIX_HEADER = "Classmate/Classmate-Prefix.pch";
				INFOPLIST_FILE = "Classmate/Classmate-Info.plist";
				PRODUCT_NAME = "$(TARGET_NAME)";
				WRAPPER_EXTENSION = app;
			};
			name = Release;
		};
		D41AD83C188F7BBC0057A22B /* Debug */ = {
			isa = XCBuildConfiguration;
			buildSettings = {
				ARCHS = "$(ARCHS_STANDARD_INCLUDING_64_BIT)";
				BUNDLE_LOADER = "$(BUILT_PRODUCTS_DIR)/Classmate.app/Classmate";
				FRAMEWORK_SEARCH_PATHS = (
					"$(SDKROOT)/Developer/Library/Frameworks",
					"$(inherited)",
					"$(DEVELOPER_FRAMEWORKS_DIR)",
				);
				GCC_PRECOMPILE_PREFIX_HEADER = YES;
				GCC_PREFIX_HEADER = "Classmate/Classmate-Prefix.pch";
				GCC_PREPROCESSOR_DEFINITIONS = (
					"DEBUG=1",
					"$(inherited)",
				);
				INFOPLIST_FILE = "ClassmateTests/ClassmateTests-Info.plist";
				PRODUCT_NAME = "$(TARGET_NAME)";
				TEST_HOST = "$(BUNDLE_LOADER)";
				WRAPPER_EXTENSION = xctest;
			};
			name = Debug;
		};
		D41AD83D188F7BBC0057A22B /* Release */ = {
			isa = XCBuildConfiguration;
			buildSettings = {
				ARCHS = "$(ARCHS_STANDARD_INCLUDING_64_BIT)";
				BUNDLE_LOADER = "$(BUILT_PRODUCTS_DIR)/Classmate.app/Classmate";
				FRAMEWORK_SEARCH_PATHS = (
					"$(SDKROOT)/Developer/Library/Frameworks",
					"$(inherited)",
					"$(DEVELOPER_FRAMEWORKS_DIR)",
				);
				GCC_PRECOMPILE_PREFIX_HEADER = YES;
				GCC_PREFIX_HEADER = "Classmate/Classmate-Prefix.pch";
				INFOPLIST_FILE = "ClassmateTests/ClassmateTests-Info.plist";
				PRODUCT_NAME = "$(TARGET_NAME)";
				TEST_HOST = "$(BUNDLE_LOADER)";
				WRAPPER_EXTENSION = xctest;
			};
			name = Release;
		};
/* End XCBuildConfiguration section */

/* Begin XCConfigurationList section */
		D41AD801188F7BBB0057A22B /* Build configuration list for PBXProject "Classmate" */ = {
			isa = XCConfigurationList;
			buildConfigurations = (
				D41AD836188F7BBC0057A22B /* Debug */,
				D41AD837188F7BBC0057A22B /* Release */,
			);
			defaultConfigurationIsVisible = 0;
			defaultConfigurationName = Release;
		};
		D41AD838188F7BBC0057A22B /* Build configuration list for PBXNativeTarget "Classmate" */ = {
			isa = XCConfigurationList;
			buildConfigurations = (
				D41AD839188F7BBC0057A22B /* Debug */,
				D41AD83A188F7BBC0057A22B /* Release */,
			);
			defaultConfigurationIsVisible = 0;
			defaultConfigurationName = Release;
		};
		D41AD83B188F7BBC0057A22B /* Build configuration list for PBXNativeTarget "ClassmateTests" */ = {
			isa = XCConfigurationList;
			buildConfigurations = (
				D41AD83C188F7BBC0057A22B /* Debug */,
				D41AD83D188F7BBC0057A22B /* Release */,
			);
			defaultConfigurationIsVisible = 0;
			defaultConfigurationName = Release;
		};
/* End XCConfigurationList section */
	};
	rootObject = D41AD7FE188F7BBB0057A22B /* Project object */;
}
